# THIS IS AN AUTOGENERATED FILE. DO NOT EDIT THIS FILE DIRECTLY.
# yarn lockfile v1


"@babel/parser@^7.16.4":
  "integrity" "sha512-YZWVaglMiplo7v8f1oMQ5ZPQr0vn7HPeZXxXWsxXJRjGVrzUFn9OxFQl1sb5wzfootjA/yChhW84BV+383FSOw=="
  "resolved" "https://registry.npmmirror.com/@babel/parser/-/parser-7.18.5.tgz"
  "version" "7.18.5"

"@css-render/plugin-bem@^0.15.10":
  "integrity" "sha512-V7b08sM2PWJlXI7BJiVIa0Sg30H3u/jHay4AclNXfF2yRFwwb4ZJjggsMfzwj3WSihAdNf2WTqvOU5qsOD80Dg=="
  "resolved" "https://registry.npmmirror.com/@css-render/plugin-bem/-/plugin-bem-0.15.10.tgz"
  "version" "0.15.10"

"@css-render/vue3-ssr@^0.15.10":
  "integrity" "sha512-keGKnkB2nyVGoA8GezMKNsmvTGXEzgLOGGlgshwOTSEzd1dsROyZ2m/khJ9jV5zbzDM4rWeAWbWF0zwHemsJcw=="
  "resolved" "https://registry.npmmirror.com/@css-render/vue3-ssr/-/vue3-ssr-0.15.10.tgz"
  "version" "0.15.10"

"@emotion/hash@~0.8.0":
  "integrity" "sha512-kBJtf7PH6aWwZ6fka3zQ0p6SBYzx4fl1LoZXE2RrnYST9Xljm7WfKJrU4g/Xr3Beg72MLrp1AWNUmuYJTL7Cow=="
  "resolved" "https://registry.npmmirror.com/@emotion/hash/-/hash-0.8.0.tgz"
  "version" "0.8.0"

"@juggle/resize-observer@^3.3.1":
  "integrity" "sha512-zMM9Ds+SawiUkakS7y94Ymqx+S0ORzpG3frZirN3l+UlXUmSUR7hF4wxCVqW+ei94JzV5kt0uXBcoOEAuiydrw=="
  "resolved" "https://registry.npmmirror.com/@juggle/resize-observer/-/resize-observer-3.3.1.tgz"
  "version" "3.3.1"

"@types/jest@^27.0.1":
  "integrity" "sha512-mpT8LJJ4CMeeahobofYWIjFo0xonRS/HfxnVEPMPFSQdGUt1uHCnoPT7Zhb+sjDU2wz0oKV0OLUR0WzrHNgfeA=="
  "resolved" "https://registry.npmmirror.com/@types/jest/-/jest-27.5.2.tgz"
  "version" "27.5.2"
  dependencies:
    "jest-matcher-utils" "^27.0.0"
    "pretty-format" "^27.0.0"

"@types/lodash-es@^4.17.6":
  "integrity" "sha512-R+zTeVUKDdfoRxpAryaQNRKk3105Rrgx2CFRClIgRGaqDTdjsm8h6IYA8ir584W3ePzkZfst5xIgDwYrlh9HLg=="
  "resolved" "https://registry.npmmirror.com/@types/lodash-es/-/lodash-es-4.17.6.tgz"
  "version" "4.17.6"
  dependencies:
    "@types/lodash" "*"

"@types/lodash@*", "@types/lodash@^4.14.181":
  "integrity" "sha512-/THyiqyQAP9AfARo4pF+aCGcyiQ94tX/Is2I7HofNRqoYLgN1PBoOWu2/zTA5zMxzP5EFutMtWtGAFRKUe961Q=="
  "resolved" "https://registry.npmmirror.com/@types/lodash/-/lodash-4.14.182.tgz"
  "version" "4.14.182"

"@types/node@~17.0.5":
  "integrity" "sha512-w+tIMs3rq2afQdsPJlODhoUEKzFP1ayaoyl1CcnwtIlsVe7K7bA1NGm4s3PraqTLlXnbIN84zuBlxBWo1u9BLw=="
  "resolved" "https://registry.npmmirror.com/@types/node/-/node-17.0.45.tgz"
  "version" "17.0.45"

"@vicons/ionicons5@^0.12.0":
  "integrity" "sha512-Iy1EUVRpX0WWxeu1VIReR1zsZLMc4fqpt223czR+Rpnrwu7pt46nbnC2ycO7ItI/uqDLJxnbcMC7FujKs9IfFA=="
  "resolved" "https://registry.npmmirror.com/@vicons/ionicons5/-/ionicons5-0.12.0.tgz"
  "version" "0.12.0"

"@vitejs/plugin-vue@^2.3.3":
  "integrity" "sha512-SmQLDyhz+6lGJhPELsBdzXGc+AcaT8stgkbiTFGpXPe8Tl1tJaBw1A6pxDqDuRsVkD8uscrkx3hA7QDOoKYtyw=="
  "resolved" "https://registry.npmmirror.com/@vitejs/plugin-vue/-/plugin-vue-2.3.3.tgz"
  "version" "2.3.3"

"@vue/compiler-core@3.2.37":
  "integrity" "sha512-81KhEjo7YAOh0vQJoSmAD68wLfYqJvoiD4ulyedzF+OEk/bk6/hx3fTNVfuzugIIaTrOx4PGx6pAiBRe5e9Zmg=="
  "resolved" "https://registry.npmmirror.com/@vue/compiler-core/-/compiler-core-3.2.37.tgz"
  "version" "3.2.37"
  dependencies:
    "@babel/parser" "^7.16.4"
    "@vue/shared" "3.2.37"
    "estree-walker" "^2.0.2"
    "source-map" "^0.6.1"

"@vue/compiler-dom@3.2.37":
  "integrity" "sha512-yxJLH167fucHKxaqXpYk7x8z7mMEnXOw3G2q62FTkmsvNxu4FQSu5+3UMb+L7fjKa26DEzhrmCxAgFLLIzVfqQ=="
  "resolved" "https://registry.npmmirror.com/@vue/compiler-dom/-/compiler-dom-3.2.37.tgz"
  "version" "3.2.37"
  dependencies:
    "@vue/compiler-core" "3.2.37"
    "@vue/shared" "3.2.37"

"@vue/compiler-sfc@3.2.37":
  "integrity" "sha512-+7i/2+9LYlpqDv+KTtWhOZH+pa8/HnX/905MdVmAcI/mPQOBwkHHIzrsEsucyOIZQYMkXUiTkmZq5am/NyXKkg=="
  "resolved" "https://registry.npmmirror.com/@vue/compiler-sfc/-/compiler-sfc-3.2.37.tgz"
  "version" "3.2.37"
  dependencies:
    "@babel/parser" "^7.16.4"
    "@vue/compiler-core" "3.2.37"
    "@vue/compiler-dom" "3.2.37"
    "@vue/compiler-ssr" "3.2.37"
    "@vue/reactivity-transform" "3.2.37"
    "@vue/shared" "3.2.37"
    "estree-walker" "^2.0.2"
    "magic-string" "^0.25.7"
    "postcss" "^8.1.10"
    "source-map" "^0.6.1"

"@vue/compiler-ssr@3.2.37":
  "integrity" "sha512-7mQJD7HdXxQjktmsWp/J67lThEIcxLemz1Vb5I6rYJHR5vI+lON3nPGOH3ubmbvYGt8xEUaAr1j7/tIFWiEOqw=="
  "resolved" "https://registry.npmmirror.com/@vue/compiler-ssr/-/compiler-ssr-3.2.37.tgz"
  "version" "3.2.37"
  dependencies:
    "@vue/compiler-dom" "3.2.37"
    "@vue/shared" "3.2.37"

"@vue/reactivity-transform@3.2.37":
  "integrity" "sha512-IWopkKEb+8qpu/1eMKVeXrK0NLw9HicGviJzhJDEyfxTR9e1WtpnnbYkJWurX6WwoFP0sz10xQg8yL8lgskAZg=="
  "resolved" "https://registry.npmmirror.com/@vue/reactivity-transform/-/reactivity-transform-3.2.37.tgz"
  "version" "3.2.37"
  dependencies:
    "@babel/parser" "^7.16.4"
    "@vue/compiler-core" "3.2.37"
    "@vue/shared" "3.2.37"
    "estree-walker" "^2.0.2"
    "magic-string" "^0.25.7"

"@vue/reactivity@3.2.37":
  "integrity" "sha512-/7WRafBOshOc6m3F7plwzPeCu/RCVv9uMpOwa/5PiY1Zz+WLVRWiy0MYKwmg19KBdGtFWsmZ4cD+LOdVPcs52A=="
  "resolved" "https://registry.npmmirror.com/@vue/reactivity/-/reactivity-3.2.37.tgz"
  "version" "3.2.37"
  dependencies:
    "@vue/shared" "3.2.37"

"@vue/runtime-core@3.2.37":
  "integrity" "sha512-JPcd9kFyEdXLl/i0ClS7lwgcs0QpUAWj+SKX2ZC3ANKi1U4DOtiEr6cRqFXsPwY5u1L9fAjkinIdB8Rz3FoYNQ=="
  "resolved" "https://registry.npmmirror.com/@vue/runtime-core/-/runtime-core-3.2.37.tgz"
  "version" "3.2.37"
  dependencies:
    "@vue/reactivity" "3.2.37"
    "@vue/shared" "3.2.37"

"@vue/runtime-dom@3.2.37":
  "integrity" "sha512-HimKdh9BepShW6YozwRKAYjYQWg9mQn63RGEiSswMbW+ssIht1MILYlVGkAGGQbkhSh31PCdoUcfiu4apXJoPw=="
  "resolved" "https://registry.npmmirror.com/@vue/runtime-dom/-/runtime-dom-3.2.37.tgz"
  "version" "3.2.37"
  dependencies:
    "@vue/runtime-core" "3.2.37"
    "@vue/shared" "3.2.37"
    "csstype" "^2.6.8"

"@vue/server-renderer@3.2.37":
  "integrity" "sha512-kLITEJvaYgZQ2h47hIzPh2K3jG8c1zCVbp/o/bzQOyvzaKiCquKS7AaioPI28GNxIsE/zSx+EwWYsNxDCX95MA=="
  "resolved" "https://registry.npmmirror.com/@vue/server-renderer/-/server-renderer-3.2.37.tgz"
  "version" "3.2.37"
  dependencies:
    "@vue/compiler-ssr" "3.2.37"
    "@vue/shared" "3.2.37"

"@vue/shared@3.2.37":
  "integrity" "sha512-4rSJemR2NQIo9Klm1vabqWjD8rs/ZaJSzMxkMNeJS6lHiUjjUeYFbooN19NgFjztubEKh3WlZUeOLVdbbUWHsw=="
  "resolved" "https://registry.npmmirror.com/@vue/shared/-/shared-3.2.37.tgz"
  "version" "3.2.37"

"ansi-regex@^5.0.1":
  "integrity" "sha512-quJQXlTSUGL2LH9SUXo8VwsY4soanhgo6LNSm84E1LBcE8s3O0wpdiRzyR9z/ZZJMlMWv37qOOb9pdJlMUEKFQ=="
  "resolved" "https://registry.npmmirror.com/ansi-regex/-/ansi-regex-5.0.1.tgz"
  "version" "5.0.1"

"ansi-styles@^4.1.0":
  "integrity" "sha512-zbB9rCJAT1rbjiVDb2hqKFHNYLxgtk8NURxZ3IZwD3F6NtxbXZQCnnSi1Lkx+IDohdPlFp222wVALIheZJQSEg=="
  "resolved" "https://registry.npmmirror.com/ansi-styles/-/ansi-styles-4.3.0.tgz"
  "version" "4.3.0"
  dependencies:
    "color-convert" "^2.0.1"

"ansi-styles@^5.0.0":
  "integrity" "sha512-Cxwpt2SfTzTtXcfOlzGEee8O+c+MmUgGrNiBcXnuWxuFJHe6a5Hz7qwhwe5OgaSYI0IJvkLqWX1ASG+cJOkEiA=="
  "resolved" "https://registry.npmmirror.com/ansi-styles/-/ansi-styles-5.2.0.tgz"
  "version" "5.2.0"

"async-validator@^4.0.7":
  "integrity" "sha512-p4DO/JXwjs8klJyJL8Q2oM4ks5fUTze/h5k10oPPKMiLe1fj3G1QMzPHNmN1Py4ycOk7WlO2DcGXv1qiESJCZA=="
  "resolved" "https://registry.npmmirror.com/async-validator/-/async-validator-4.1.1.tgz"
  "version" "4.1.1"

"chalk@^4.0.0":
  "integrity" "sha512-oKnbhFyRIXpUuez8iBMmyEa4nbj4IOQyuhc/wy9kY7/WVPcwIO9VA668Pu8RkO7+0G76SLROeyw9CpQ061i4mA=="
  "resolved" "https://registry.npmmirror.com/chalk/-/chalk-4.1.2.tgz"
  "version" "4.1.2"
  dependencies:
    "ansi-styles" "^4.1.0"
    "supports-color" "^7.1.0"

"color-convert@^2.0.1":
  "integrity" "sha512-RRECPsj7iu/xb5oKYcsFHSppFNnsj/52OVTRKb4zP5onXwVF3zVmmToNcOfGC+CRDpfK/U584fMg38ZHCaElKQ=="
  "resolved" "https://registry.npmmirror.com/color-convert/-/color-convert-2.0.1.tgz"
  "version" "2.0.1"
  dependencies:
    "color-name" "~1.1.4"

"color-name@~1.1.4":
  "integrity" "sha512-dOy+3AuW3a2wNbZHIuMZpTcgjGuLU/uBL/ubcZF9OXbDo8ff4O8yVp5Bf0efS8uEoYo5q4Fx7dY9OgQGXgAsQA=="
  "resolved" "https://registry.npmmirror.com/color-name/-/color-name-1.1.4.tgz"
  "version" "1.1.4"

"css-render@^0.15.10", "css-render@~0.15.10":
  "integrity" "sha512-6j5acvm81sXTHJiF47FNNICtDpF74YoWk1xEK3qQvdqgW6vc+OXrPqflL6m8f5GE6XuFYrbACNEd17kraCSBAQ=="
  "resolved" "https://registry.npmmirror.com/css-render/-/css-render-0.15.10.tgz"
  "version" "0.15.10"
  dependencies:
    "@emotion/hash" "~0.8.0"
    "@types/node" "~17.0.5"
    "csstype" "~3.0.5"

"csstype@^2.6.8":
  "integrity" "sha512-/WwNkdXfckNgw6S5R125rrW8ez139lBHWouiBvX8dfMFtcn6V81REDqnH7+CRpRipfYlyU1CmOnOxrmGcFOjeA=="
  "resolved" "https://registry.npmmirror.com/csstype/-/csstype-2.6.20.tgz"
  "version" "2.6.20"

"csstype@~3.0.5":
  "integrity" "sha512-sa6P2wJ+CAbgyy4KFssIb/JNMLxFvKF1pCYCSXS8ZMuqZnMsrxqI2E5sPyoTpxoPU/gVZMzr2zjOfg8GIZOMsw=="
  "resolved" "https://registry.npmmirror.com/csstype/-/csstype-3.0.11.tgz"
  "version" "3.0.11"

"date-fns-tz@^1.3.3":
  "integrity" "sha512-O47vEyz85F2ax/ZdhMBJo187RivZGjH6V0cPjPzpm/yi6YffJg4upD/8ibezO11ezZwP3QYlBHh/t4JhRNx0Ow=="
  "resolved" "https://registry.npmmirror.com/date-fns-tz/-/date-fns-tz-1.3.4.tgz"
  "version" "1.3.4"

"date-fns@^2.28.0", "date-fns@>=2.0.0":
  "integrity" "sha512-8d35hViGYx/QH0icHYCeLmsLmMUheMmTyV9Fcm6gvNwdw31yXXH+O85sOBJ+OLnLQMKZowvpKb6FgMIQjcpvQw=="
  "resolved" "https://registry.npmmirror.com/date-fns/-/date-fns-2.28.0.tgz"
  "version" "2.28.0"

"diff-sequences@^27.5.1":
  "integrity" "sha512-k1gCAXAsNgLwEL+Y8Wvl+M6oEFj5bgazfZULpS5CneoPPXRaCCW7dm+q21Ky2VEE5X+VeRDBVg1Pcvvsr4TtNQ=="
  "resolved" "https://registry.npmmirror.com/diff-sequences/-/diff-sequences-27.5.1.tgz"
  "version" "27.5.1"

"esbuild-darwin-64@0.14.45":
  "integrity" "sha512-dbkVUAnGx5IeZesWnIhnvxy7dSvgUQvfy0TVLzd9XVP3oI/VsKs8UNsfPrxI5HiN4SINv7oPAbxWceMpB7IqNA=="
  "resolved" "https://registry.npmmirror.com/esbuild-darwin-64/-/esbuild-darwin-64-0.14.45.tgz"
  "version" "0.14.45"

"esbuild@^0.14.27":
  "integrity" "sha512-JOxGUD8jcs8xE8DjyGWC8by/vLMCXTJ/wuauWipL5kJRZx1dhpqIntb31QHjA45GZJWaXv7SjC/Zwu1bCkXWtQ=="
  "resolved" "https://registry.npmmirror.com/esbuild/-/esbuild-0.14.45.tgz"
  "version" "0.14.45"
  optionalDependencies:
    "esbuild-android-64" "0.14.45"
    "esbuild-android-arm64" "0.14.45"
    "esbuild-darwin-64" "0.14.45"
    "esbuild-darwin-arm64" "0.14.45"
    "esbuild-freebsd-64" "0.14.45"
    "esbuild-freebsd-arm64" "0.14.45"
    "esbuild-linux-32" "0.14.45"
    "esbuild-linux-64" "0.14.45"
    "esbuild-linux-arm" "0.14.45"
    "esbuild-linux-arm64" "0.14.45"
    "esbuild-linux-mips64le" "0.14.45"
    "esbuild-linux-ppc64le" "0.14.45"
    "esbuild-linux-riscv64" "0.14.45"
    "esbuild-linux-s390x" "0.14.45"
    "esbuild-netbsd-64" "0.14.45"
    "esbuild-openbsd-64" "0.14.45"
    "esbuild-sunos-64" "0.14.45"
    "esbuild-windows-32" "0.14.45"
    "esbuild-windows-64" "0.14.45"
    "esbuild-windows-arm64" "0.14.45"

"estree-walker@^2.0.2":
  "integrity" "sha512-Rfkk/Mp/DL7JVje3u18FxFujQlTNR2q6QfMSMB7AvCBx91NGj/ba3kCfza0f6dVDbw7YlRf/nDrn7pQrCCyQ/w=="
  "resolved" "https://registry.npmmirror.com/estree-walker/-/estree-walker-2.0.2.tgz"
  "version" "2.0.2"

"evtd@^0.2.2", "evtd@^0.2.3":
  "integrity" "sha512-tmiT1YUVqFjTY+BSBOAskL83xNx41iUfpvKP6Gcd/xMHjg3mnER98jXGXJyKnxCG19uPc6EhZiUC+MUyvoqCtw=="
  "resolved" "https://registry.npmmirror.com/evtd/-/evtd-0.2.3.tgz"
  "version" "0.2.3"

"fsevents@~2.3.2":
  "integrity" "sha512-xiqMQR4xAeHTuB9uWm+fFRcIOgKBMiOBP+eXiyT7jsgVCq1bkVygt00oASowB7EdtpOHaaPgKt812P9ab+DDKA=="
  "resolved" "https://registry.npmmirror.com/fsevents/-/fsevents-2.3.2.tgz"
  "version" "2.3.2"

"function-bind@^1.1.1":
  "integrity" "sha512-yIovAzMX49sF8Yl58fSCWJ5svSLuaibPxXQJFLmBObTuCr0Mf1KiPopGM9NiFjiYBCbfaa2Fh6breQ6ANVTI0A=="
  "resolved" "https://registry.npmmirror.com/function-bind/-/function-bind-1.1.1.tgz"
  "version" "1.1.1"

"has-flag@^4.0.0":
  "integrity" "sha512-EykJT/Q1KjTWctppgIAgfSO0tKVuZUjhgMr17kqTumMl6Afv3EISleU7qZUzoXDFTAHTDC4NOoG/ZxU3EvlMPQ=="
  "resolved" "https://registry.npmmirror.com/has-flag/-/has-flag-4.0.0.tgz"
  "version" "4.0.0"

"has@^1.0.3":
  "integrity" "sha512-f2dvO0VU6Oej7RkWJGrehjbzMAjFp5/VKPp5tTpWIV4JHHZK1/BxbFRtf/siA2SWTe09caDmVtYYzWEIbBS4zw=="
  "resolved" "https://registry.npmmirror.com/has/-/has-1.0.3.tgz"
  "version" "1.0.3"
  dependencies:
    "function-bind" "^1.1.1"

"highlight.js@^11.5.0":
  "integrity" "sha512-LKzHqnxr4CrD2YsNoIf/o5nJ09j4yi/GcH5BnYz9UnVpZdS4ucMgvP61TDty5xJcFGRjnH4DpujkS9bHT3hq0Q=="
  "resolved" "https://registry.npmmirror.com/highlight.js/-/highlight.js-11.5.1.tgz"
  "version" "11.5.1"

"is-core-module@^2.8.1":
  "integrity" "sha512-+5FPy5PnwmO3lvfMb0AsoPaBG+5KHUI0wYFXOtYPnVVVspTFUuMZNfNaNVRt3FZadstu2c8x23vykRW/NBoU6A=="
  "resolved" "https://registry.npmmirror.com/is-core-module/-/is-core-module-2.9.0.tgz"
  "version" "2.9.0"
  dependencies:
    "has" "^1.0.3"

"jest-diff@^27.5.1":
  "integrity" "sha512-m0NvkX55LDt9T4mctTEgnZk3fmEg3NRYutvMPWM/0iPnkFj2wIeF45O1718cMSOFO1vINkqmxqD8vE37uTEbqw=="
  "resolved" "https://registry.npmmirror.com/jest-diff/-/jest-diff-27.5.1.tgz"
  "version" "27.5.1"
  dependencies:
    "chalk" "^4.0.0"
    "diff-sequences" "^27.5.1"
    "jest-get-type" "^27.5.1"
    "pretty-format" "^27.5.1"

"jest-get-type@^27.5.1":
  "integrity" "sha512-2KY95ksYSaK7DMBWQn6dQz3kqAf3BB64y2udeG+hv4KfSOb9qwcYQstTJc1KCbsix+wLZWZYN8t7nwX3GOBLRw=="
  "resolved" "https://registry.npmmirror.com/jest-get-type/-/jest-get-type-27.5.1.tgz"
  "version" "27.5.1"

"jest-matcher-utils@^27.0.0":
  "integrity" "sha512-z2uTx/T6LBaCoNWNFWwChLBKYxTMcGBRjAt+2SbP929/Fflb9aa5LGma654Rz8z9HLxsrUaYzxE9T/EFIL/PAw=="
  "resolved" "https://registry.npmmirror.com/jest-matcher-utils/-/jest-matcher-utils-27.5.1.tgz"
  "version" "27.5.1"
  dependencies:
    "chalk" "^4.0.0"
    "jest-diff" "^27.5.1"
    "jest-get-type" "^27.5.1"
    "pretty-format" "^27.5.1"

"lodash-es@^4.17.21":
  "integrity" "sha512-mKnC+QJ9pWVzv+C4/U3rRsHapFfHvQFoFB92e52xeyGMcX6/OlIl78je1u8vePzYZSkkogMPJ2yjxxsb89cxyw=="
  "resolved" "https://registry.npmmirror.com/lodash-es/-/lodash-es-4.17.21.tgz"
  "version" "4.17.21"

"lodash@^4.17.21":
  "integrity" "sha512-v2kDEe57lecTulaDIuNTPy3Ry4gLGJ6Z1O3vE1krgXZNrsQ+LFTGHVxVjcXPs17LhbZVGedAJv8XZ1tvj5FvSg=="
  "resolved" "https://registry.npmmirror.com/lodash/-/lodash-4.17.21.tgz"
  "version" "4.17.21"

"magic-string@^0.25.7":
  "integrity" "sha512-RmF0AsMzgt25qzqqLc1+MbHmhdx0ojF2Fvs4XnOqz2ZOBXzzkEwc/dJQZCYHAn7v1jbVOjAZfK8msRn4BxO4VQ=="
  "resolved" "https://registry.npmmirror.com/magic-string/-/magic-string-0.25.9.tgz"
  "version" "0.25.9"
  dependencies:
    "sourcemap-codec" "^1.4.8"

"naive-ui@^2.30.4":
  "integrity" "sha512-xf9Re46gfy8U/P71ON3hIEgr9ag0ffmthnzU4O7RHRhdzXkfN1KuDQZsBsDY34nl9ycAy1wnem3ob4tqBAChOA=="
  "resolved" "https://registry.npmmirror.com/naive-ui/-/naive-ui-2.30.4.tgz"
  "version" "2.30.4"
  dependencies:
    "@css-render/plugin-bem" "^0.15.10"
    "@css-render/vue3-ssr" "^0.15.10"
    "@types/lodash" "^4.14.181"
    "@types/lodash-es" "^4.17.6"
    "async-validator" "^4.0.7"
    "css-render" "^0.15.10"
    "date-fns" "^2.28.0"
    "date-fns-tz" "^1.3.3"
    "evtd" "^0.2.3"
    "highlight.js" "^11.5.0"
    "lodash" "^4.17.21"
    "lodash-es" "^4.17.21"
    "seemly" "^0.3.4"
    "treemate" "^0.3.11"
    "vdirs" "^0.1.8"
    "vooks" "^0.2.12"
    "vueuc" "^0.4.44"

"nanoid@^3.3.4":
  "integrity" "sha512-MqBkQh/OHTS2egovRtLk45wEyNXwF+cokD+1YPf9u5VfJiRdAiRwB2froX5Co9Rh20xs4siNPm8naNotSD6RBw=="
  "resolved" "https://registry.npmmirror.com/nanoid/-/nanoid-3.3.4.tgz"
  "version" "3.3.4"

"path-parse@^1.0.7":
  "integrity" "sha512-LDJzPVEEEPR+y48z93A0Ed0yXb8pAByGWo/k5YYdYgpY2/2EsOsksJrq7lOHxryrVOn1ejG6oAp8ahvOIQD8sw=="
  "resolved" "https://registry.npmmirror.com/path-parse/-/path-parse-1.0.7.tgz"
  "version" "1.0.7"

"picocolors@^1.0.0":
  "integrity" "sha512-1fygroTLlHu66zi26VoTDv8yRgm0Fccecssto+MhsZ0D/DGW2sm8E8AjW7NU5VVTRt5GxbeZ5qBuJr+HyLYkjQ=="
  "resolved" "https://registry.npmmirror.com/picocolors/-/picocolors-1.0.0.tgz"
  "version" "1.0.0"

"postcss@^8.1.10", "postcss@^8.4.13":
  "integrity" "sha512-E398TUmfAYFPBSdzgeieK2Y1+1cpdxJx8yXbK/m57nRhKSmk1GB2tO4lbLBtlkfPQTDKfe4Xqv1ASWPpayPEig=="
  "resolved" "https://registry.npmmirror.com/postcss/-/postcss-8.4.14.tgz"
  "version" "8.4.14"
  dependencies:
    "nanoid" "^3.3.4"
    "picocolors" "^1.0.0"
    "source-map-js" "^1.0.2"

"pretty-format@^27.0.0", "pretty-format@^27.5.1":
  "integrity" "sha512-Qb1gy5OrP5+zDf2Bvnzdl3jsTf1qXVMazbvCoKhtKqVs4/YK4ozX4gKQJJVyNe+cajNPn0KoC0MC3FUmaHWEmQ=="
  "resolved" "https://registry.npmmirror.com/pretty-format/-/pretty-format-27.5.1.tgz"
  "version" "27.5.1"
  dependencies:
    "ansi-regex" "^5.0.1"
    "ansi-styles" "^5.0.0"
    "react-is" "^17.0.1"

"react-is@^17.0.1":
  "integrity" "sha512-w2GsyukL62IJnlaff/nRegPQR94C/XXamvMWmSHRJ4y7Ts/4ocGRmTHvOs8PSE6pB3dWOrD/nueuU5sduBsQ4w=="
  "resolved" "https://registry.npmmirror.com/react-is/-/react-is-17.0.2.tgz"
  "version" "17.0.2"

"resolve@^1.22.0":
  "integrity" "sha512-Hhtrw0nLeSrFQ7phPp4OOcVjLPIeMnRlr5mcnVuMe7M/7eBn98A3hmFRLoFo3DLZkivSYwhRUJTyPyWAk56WLw=="
  "resolved" "https://registry.npmmirror.com/resolve/-/resolve-1.22.0.tgz"
  "version" "1.22.0"
  dependencies:
    "is-core-module" "^2.8.1"
    "path-parse" "^1.0.7"
    "supports-preserve-symlinks-flag" "^1.0.0"

"rollup@^2.59.0":
  "integrity" "sha512-OEf0TgpC9vU6WGROJIk1JA3LR5vk/yvqlzxqdrE2CzzXnqKXNzbAwlWUXis8RS3ZPe7LAq+YUxsRa0l3r27MLA=="
  "resolved" "https://registry.npmmirror.com/rollup/-/rollup-2.75.6.tgz"
  "version" "2.75.6"
  optionalDependencies:
    "fsevents" "~2.3.2"

"seemly@^0.3.1", "seemly@^0.3.4":
  "integrity" "sha512-/crL+UfbtYd6NdLdnf58xaABfeSRt5uKE4N1SFQAW7nIznOrJQchAaslJHxV8/iAfV0LWInrmxJBFdDb0c2/sw=="
  "resolved" "https://registry.npmmirror.com/seemly/-/seemly-0.3.4.tgz"
  "version" "0.3.4"
  dependencies:
    "@types/jest" "^27.0.1"

"source-map-js@^1.0.2":
  "integrity" "sha512-R0XvVJ9WusLiqTCEiGCmICCMplcCkIwwR11mOSD9CR5u+IXYdiseeEuXCVAjS54zqwkLcPNnmU4OeJ6tUrWhDw=="
  "resolved" "https://registry.npmmirror.com/source-map-js/-/source-map-js-1.0.2.tgz"
  "version" "1.0.2"

"source-map@^0.6.1":
  "integrity" "sha512-UjgapumWlbMhkBgzT7Ykc5YXUT46F0iKu8SGXq0bcwP5dz/h0Plj6enJqjz1Zbq2l5WaqYnrVbwWOWMyF3F47g=="
  "resolved" "https://registry.npmmirror.com/source-map/-/source-map-0.6.1.tgz"
  "version" "0.6.1"

"sourcemap-codec@^1.4.8":
  "integrity" "sha512-9NykojV5Uih4lgo5So5dtw+f0JgJX30KCNI8gwhz2J9A15wD0Ml6tjHKwf6fTSa6fAdVBdZeNOs9eJ71qCk8vA=="
  "resolved" "https://registry.npmmirror.com/sourcemap-codec/-/sourcemap-codec-1.4.8.tgz"
  "version" "1.4.8"

"supports-color@^7.1.0":
  "integrity" "sha512-qpCAvRl9stuOHveKsn7HncJRvv501qIacKzQlO/+Lwxc9+0q2wLyv4Dfvt80/DPn2pqOBsJdDiogXGR9+OvwRw=="
  "resolved" "https://registry.npmmirror.com/supports-color/-/supports-color-7.2.0.tgz"
  "version" "7.2.0"
  dependencies:
    "has-flag" "^4.0.0"

"supports-preserve-symlinks-flag@^1.0.0":
  "integrity" "sha512-ot0WnXS9fgdkgIcePe6RHNk1WA8+muPa6cSjeR3V8K27q9BB1rTE3R1p7Hv0z1ZyAc8s6Vvv8DIyWf681MAt0w=="
  "resolved" "https://registry.npmmirror.com/supports-preserve-symlinks-flag/-/supports-preserve-symlinks-flag-1.0.0.tgz"
  "version" "1.0.0"

"treemate@^0.3.11":
  "integrity" "sha512-M8RGFoKtZ8dF+iwJfAJTOH/SM4KluKOKRJpjCMhI8bG3qB74zrFoArKZ62ll0Fr3mqkMJiQOmWYkdYgDeITYQg=="
  "resolved" "https://registry.npmmirror.com/treemate/-/treemate-0.3.11.tgz"
  "version" "0.3.11"

"vdirs@^0.1.4", "vdirs@^0.1.8":
  "integrity" "sha512-H9V1zGRLQZg9b+GdMk8MXDN2Lva0zx72MPahDKc30v+DtwKjfyOSXWRIX4t2mhDubM1H09gPhWeth/BJWPHGUw=="
  "resolved" "https://registry.npmmirror.com/vdirs/-/vdirs-0.1.8.tgz"
  "version" "0.1.8"
  dependencies:
    "evtd" "^0.2.2"

"vite@^2.5.10", "vite@^2.9.9":
  "integrity" "sha512-suxC36dQo9Rq1qMB2qiRorNJtJAdxguu5TMvBHOc/F370KvqAe9t48vYp+/TbPKRNrMh/J55tOUmkuIqstZaew=="
  "resolved" "https://registry.npmmirror.com/vite/-/vite-2.9.12.tgz"
  "version" "2.9.12"
  dependencies:
    "esbuild" "^0.14.27"
    "postcss" "^8.4.13"
    "resolve" "^1.22.0"
    "rollup" "^2.59.0"
  optionalDependencies:
    "fsevents" "~2.3.2"

"vooks@^0.2.12", "vooks@^0.2.4":
  "integrity" "sha512-iox0I3RZzxtKlcgYaStQYKEzWWGAduMmq+jS7OrNdQo1FgGfPMubGL3uGHOU9n97NIvfFDBGnpSvkWyb/NSn/Q=="
  "resolved" "https://registry.npmmirror.com/vooks/-/vooks-0.2.12.tgz"
  "version" "0.2.12"
  dependencies:
    "evtd" "^0.2.2"

"vue@^3.0.0", "vue@^3.0.11", "vue@^3.2.25", "vue@3.2.37":
  "integrity" "sha512-bOKEZxrm8Eh+fveCqS1/NkG/n6aMidsI6hahas7pa0w/l7jkbssJVsRhVDs07IdDq7h9KHswZOgItnwJAgtVtQ=="
  "resolved" "https://registry.npmmirror.com/vue/-/vue-3.2.37.tgz"
  "version" "3.2.37"
  dependencies:
    "@vue/compiler-dom" "3.2.37"
    "@vue/compiler-sfc" "3.2.37"
    "@vue/runtime-dom" "3.2.37"
    "@vue/server-renderer" "3.2.37"
    "@vue/shared" "3.2.37"

"vueuc@^0.4.44":
  "integrity" "sha512-2sLWo1Ow3DRKTDvGVlaWlf0KL+LOqeO6zlvb6nUxWxqj4VjUpg7sMtH+xtvBK+oOXH4goGt1RyLMaBVgPFpqHw=="
  "resolved" "https://registry.npmmirror.com/vueuc/-/vueuc-0.4.44.tgz"
  "version" "0.4.44"
  dependencies:
    "@css-render/vue3-ssr" "^0.15.10"
    "@juggle/resize-observer" "^3.3.1"
    "css-render" "^0.15.10"
    "evtd" "^0.2.2"
    "seemly" "^0.3.1"
    "vdirs" "^0.1.4"
    "vooks" "^0.2.4"
